{
  "nodes": {
    "nixpkgs": {
      "locked": {
        "lastModified": 1791011291,
        "narHash": "sha256-V6OBJccNKBo/ktknxlJXZChPoI0NE2lembArBO3CE9k=",
        "owner": "NixOS",
        "repo": "nixpkgs",
        "rev": "73e728ddb6b7a12d18808f510813a13ee1fe4cce",
        "type": "github"
      },
      "original": {
        "owner": "NixOS",
        "ref": "nixpkgs-unstable",
        "repo": "nixpkgs",
        "type": "github"
      }
    },
    "root": {
      "inputs": {
        "nixpkgs": "nixpkgs",
        "rust-overlay": "rust-overlay"
      }
    },
    "rust-overlay": {
      "inputs": {
        "nixpkgs": [
          "nixpkgs"
        ]
      },
      "locked": {
        "lastModified": 1791276535,
        "narHash": "sha256-iwqAmHTX1IgzTumJR3JayNAQAo5xEmmOuGzB6b2pT/Q=",
        "owner": "oxalica",
        "repo": "rust-overlay",
        "rev": "b962e5d0c8cd97196c6a882d659fe451b52ad989",
        "type": "github"
      },
      "original": {
        "owner": "oxalica",
        "repo": "rust-overlay",
        "type": "github"
      }
    }
  },
  "root": "root",
  "version": 7
}
